PODS:
  - Flutter (1.0.0)
  - thrio (0.0.1):
    - Flutter

DEPENDENCIES:
  - Flutter (from `Flutter`)
  - thrio (from `.symlinks/plugins/thrio/ios`)

EXTERNAL SOURCES:
  Flutter:
    :path: Flutter
  thrio:
    :path: ".symlinks/plugins/thrio/ios"

SPEC CHECKSUMS:
  Flutter: 0e3d915762c693b495b44d77113d4970485de6ec
  thrio: b44e0724fbc7fe9ffcc40aedec39b0242fdfbcb0

PODFILE CHECKSUM: 5ea6228c14b99faa4cb4120b1058e9a45d87b4c1

COCOAPODS: 1.8.4
